
Microsoft Visual Studio Solution File, Format Version 12.00
# Visual Studio Version 17
VisualStudioVersion = 17.8.34511.84
MinimumVisualStudioVersion = 10.0.40219.1
Project("{9A19103F-16F7-4668-BE54-9A1E7A4F7556}") = "JimmyLinq", "JimmyLinq\JimmyLinq.csproj", "{6AF3CEF6-696F-4906-BA46-2D610E646152}"
EndProject
Global
	GlobalSection(SolutionConfigurationPlatforms) = preSolution
		Debug|Any CPU = Debug|Any CPU
		Release|Any CPU = Release|Any CPU
	EndGlobalSection
	GlobalSection(ProjectConfigurationPlatforms) = postSolution
		{6AF3CEF6-696F-4906-BA46-2D610E646152}.Debug|Any CPU.ActiveCfg = Debug|Any CPU
		{6AF3CEF6-696F-4906-BA46-2D610E646152}.Debug|Any CPU.Build.0 = Debug|Any CPU
		{6AF3CEF6-696F-4906-BA46-2D610E646152}.Release|Any CPU.ActiveCfg = Release|Any CPU
		{6AF3CEF6-696F-4906-BA46-2D610E646152}.Release|Any CPU.Build.0 = Release|Any CPU
	EndGlobalSection
	GlobalSection(SolutionProperties) = preSolution
		HideSolutionNode = FALSE
	EndGlobalSection
	GlobalSection(ExtensibilityGlobals) = postSolution
		SolutionGuid = {5C32B90F-6CE0-4B10-A1AF-1379E72326FC}
	EndGlobalSection
EndGlobal
